
Microsoft Visual Studio Solution File, Format Version 12.00
# Visual Studio Version 16
VisualStudioVersion = 16.0.31129.286
MinimumVisualStudioVersion = 10.0.40219.1
Project("{9A19103F-16F7-4668-BE54-9A1E7A4F7556}") = "WebApp_UnderTheHood", "WebApp_UnderTheHood\WebApp_UnderTheHood.csproj", "{AE7E84A3-AEB4-44DD-9D64-891F58F9E538}"
EndProject
Global
	GlobalSection(SolutionConfigurationPlatforms) = preSolution
		Debug|Any CPU = Debug|Any CPU
		Release|Any CPU = Release|Any CPU
	EndGlobalSection
	GlobalSection(ProjectConfigurationPlatforms) = postSolution
		{AE7E84A3-AEB4-44DD-9D64-891F58F9E538}.Debug|Any CPU.ActiveCfg = Debug|Any CPU
		{AE7E84A3-AEB4-44DD-9D64-891F58F9E538}.Debug|Any CPU.Build.0 = Debug|Any CPU
		{AE7E84A3-AEB4-44DD-9D64-891F58F9E538}.Release|Any CPU.ActiveCfg = Release|Any CPU
		{AE7E84A3-AEB4-44DD-9D64-891F58F9E538}.Release|Any CPU.Build.0 = Release|Any CPU
	EndGlobalSection
	GlobalSection(SolutionProperties) = preSolution
		HideSolutionNode = FALSE
	EndGlobalSection
	GlobalSection(ExtensibilityGlobals) = postSolution
		SolutionGuid = {D17CB188-ED81-4543-B55E-8360C85219E2}
	EndGlobalSection
EndGlobal
